// !$*UTF8*$!
{
	archiveVersion = 1;
	classes = {
	};
	objectVersion = 77;
	objects = {

/* Begin PBXContainerItemProxy section */
		B523A5AB2F7A88BF007F94AA /* PBXContainerItemProxy */ = {
			isa = PBXContainerItemProxy;
			containerPortal = B523A5932F7A88BD007F94AA /* Project object */;
			proxyType = 1;
			remoteGlobalIDString = B523A59A2F7A88BD007F94AA;
			remoteInfo = Beakon;
		};
		B523A5B52F7A88BF007F94AA /* PBXContainerItemProxy */ = {
			isa = PBXContainerItemProxy;
			containerPortal = B523A5932F7A88BD007F94AA /* Project object */;
			proxyType = 1;
			remoteGlobalIDString = B523A59A2F7A88BD007F94AA;
			remoteInfo = Beakon;
		};
/* End PBXContainerItemProxy section */

/* Begin PBXFileReference section */
		B523A59B2F7A88BD007F94AA /* Beakon.app */ = {isa = PBXFileReference; explicitFileType = wrapper.application; includeInIndex = 0; path = Beakon.app; sourceTree = BUILT_PRODUCTS_DIR; };
		B523A5AA2F7A88BF007F94AA /* BeakonTests.xctest */ = {isa = PBXFileReference; explicitFileType = wrapper.cfbundle; includeInIndex = 0; path = BeakonTests.xctest; sourceTree = BUILT_PRODUCTS_DIR; };
		B523A5B42F7A88BF007F94AA /* BeakonUITests.xctest */ = {isa = PBXFileReference; explicitFileType = wrapper.cfbundle; includeInIndex = 0; path = BeakonUITests.xctest; sourceTree = BUILT_PRODUCTS_DIR; };
/* End PBXFileReference section */

/* Begin PBXFileSystemSynchronizedRootGroup section */
		B523A59D2F7A88BD007F94AA /* Beakon */ = {
			isa = PBXFileSystemSynchronizedRootGroup;
			path = Beakon;
			sourceTree = "<group>";
		};
		B523A5AD2F7A88BF007F94AA /* BeakonTests */ = {
			isa = PBXFileSystemSynchronizedRootGroup;
			path = BeakonTests;
			sourceTree = "<group>";
		};
		B523A5B72F7A88BF007F94AA /* BeakonUITests */ = {
			isa = PBXFileSystemSynchronizedRootGroup;
			path = BeakonUITests;
			sourceTree = "<group>";
		};
/* End PBXFileSystemSynchronizedRootGroup section */

/* Begin PBXFrameworksBuildPhase section */
		B523A5982F7A88BD007F94AA /* Frameworks */ = {
			isa = PBXFrameworksBuildPhase;
			buildActionMask = 2147483647;
			files = (
			);
			runOnlyForDeploymentPostprocessing = 0;
		};
		B523A5A72F7A88BF007F94AA /* Frameworks */ = {
			isa = PBXFrameworksBuildPhase;
			buildActionMask = 2147483647;
			files = (
			);
			runOnlyForDeploymentPostprocessing = 0;
		};
		B523A5B12F7A88BF007F94AA /* Frameworks */ = {
			isa = PBXFrameworksBuildPhase;
			buildActionMask = 2147483647;
			files = (
			);
			runOnlyForDeploymentPostprocessing = 0;
		};
/* End PBXFrameworksBuildPhase section */

/* Begin PBXGroup section */
		B523A5922F7A88BD007F94AA = {
			isa = PBXGroup;
			children = (
				B523A59D2F7A88BD007F94AA /* Beakon */,
				B523A5AD2F7A88BF007F94AA /* BeakonTests */,
				B523A5B72F7A88BF007F94AA /* BeakonUITests */,
				B523A59C2F7A88BD007F94AA /* Products */,
			);
			sourceTree = "<group>";
		};
		B523A59C2F7A88BD007F94AA /* Products */ = {
			isa = PBXGroup;
			children = (
				B523A59B2F7A88BD007F94AA /* Beakon.app */,
				B523A5AA2F7A88BF007F94AA /* BeakonTests.xctest */,
				B523A5B42F7A88BF007F94AA /* BeakonUITests.xctest */,
			);
			name = Products;
			sourceTree = "<group>";
		};
/* End PBXGroup section */

/* Begin PBXNativeTarget section */
		B523A59A2F7A88BD007F94AA /* Beakon */ = {
			isa = PBXNativeTarget;
			buildConfigurationList = B523A5BE2F7A88BF007F94AA /* Build configuration list for PBXNativeTarget "Beakon" */;
			buildPhases = (
				B523A6002F7A88BD007F94AA /* Set Build Number */,
				B523A5972F7A88BD007F94AA /* Sources */,
				B523A5982F7A88BD007F94AA /* Frameworks */,
				B523A5992F7A88BD007F94AA /* Resources */,
			);
			buildRules = (
			);
			dependencies = (
			);
			fileSystemSynchronizedGroups = (
				B523A59D2F7A88BD007F94AA /* Beakon */,
			);
			name = Beakon;
			packageProductDependencies = (
			);
			productName = Beakon;
			productReference = B523A59B2F7A88BD007F94AA /* Beakon.app */;
			productType = "com.apple.product-type.application";
		};
		B523A5A92F7A88BF007F94AA /* BeakonTests */ = {
			isa = PBXNativeTarget;
			buildConfigurationList = B523A5C12F7A88BF007F94AA /* Build configuration list for PBXNativeTarget "BeakonTests" */;
			buildPhases = (
				B523A5A62F7A88BF007F94AA /* Sources */,
				B523A5A72F7A88BF007F94AA /* Frameworks */,
				B523A5A82F7A88BF007F94AA /* Resources */,
			);
			buildRules = (
			);
			dependencies = (
				B523A5AC2F7A88BF007F94AA /* PBXTargetDependency */,
			);
			fileSystemSynchronizedGroups = (
				B523A5AD2F7A88BF007F94AA /* BeakonTests */,
			);
			name = BeakonTests;
			packageProductDependencies = (
			);
			productName = BeakonTests;
			productReference = B523A5AA2F7A88BF007F94AA /* BeakonTests.xctest */;
			productType = "com.apple.product-type.bundle.unit-test";
		};
		B523A5B32F7A88BF007F94AA /* BeakonUITests */ = {
			isa = PBXNativeTarget;
			buildConfigurationList = B523A5C42F7A88BF007F94AA /* Build configuration list for PBXNativeTarget "BeakonUITests" */;
			buildPhases = (
				B523A5B02F7A88BF007F94AA /* Sources */,
				B523A5B12F7A88BF007F94AA /* Frameworks */,
				B523A5B22F7A88BF007F94AA /* Resources */,
			);
			buildRules = (
			);
			dependencies = (
				B523A5B62F7A88BF007F94AA /* PBXTargetDependency */,
			);
			fileSystemSynchronizedGroups = (
				B523A5B72F7A88BF007F94AA /* BeakonUITests */,
			);
			name = BeakonUITests;
			packageProductDependencies = (
			);
			productName = BeakonUITests;
			productReference = B523A5B42F7A88BF007F94AA /* BeakonUITests.xctest */;
			productType = "com.apple.product-type.bundle.ui-testing";
		};
/* End PBXNativeTarget section */

/* Begin PBXProject section */
		B523A5932F7A88BD007F94AA /* Project object */ = {
			isa = PBXProject;
			attributes = {
				BuildIndependentTargetsInParallel = 1;
				LastSwiftUpdateCheck = 2640;
				LastUpgradeCheck = 2640;
				TargetAttributes = {
					B523A59A2F7A88BD007F94AA = {
						CreatedOnToolsVersion = 26.4;
					};
					B523A5A92F7A88BF007F94AA = {
						CreatedOnToolsVersion = 26.4;
						TestTargetID = B523A59A2F7A88BD007F94AA;
					};
					B523A5B32F7A88BF007F94AA = {
						CreatedOnToolsVersion = 26.4;
						TestTargetID = B523A59A2F7A88BD007F94AA;
					};
				};
			};
			buildConfigurationList = B523A5962F7A88BD007F94AA /* Build configuration list for PBXProject "Beakon" */;
			developmentRegion = en;
			hasScannedForEncodings = 0;
			knownRegions = (
				en,
				Base,
			);
			mainGroup = B523A5922F7A88BD007F94AA;
			minimizedProjectReferenceProxies = 1;
			preferredProjectObjectVersion = 77;
			productRefGroup = B523A59C2F7A88BD007F94AA /* Products */;
			projectDirPath = "";
			projectRoot = "";
			targets = (
				B523A59A2F7A88BD007F94AA /* Beakon */,
				B523A5A92F7A88BF007F94AA /* BeakonTests */,
				B523A5B32F7A88BF007F94AA /* BeakonUITests */,
			);
		};
/* End PBXProject section */

/* Begin PBXResourcesBuildPhase section */
		B523A5992F7A88BD007F94AA /* Resources */ = {
			isa = PBXResourcesBuildPhase;
			buildActionMask = 2147483647;
			files = (
			);
			runOnlyForDeploymentPostprocessing = 0;
		};
		B523A5A82F7A88BF007F94AA /* Resources */ = {
			isa = PBXResourcesBuildPhase;
			buildActionMask = 2147483647;
			files = (
			);
			runOnlyForDeploymentPostprocessing = 0;
		};
		B523A5B22F7A88BF007F94AA /* Resources */ = {
			isa = PBXResourcesBuildPhase;
			buildActionMask = 2147483647;
			files = (
			);
			runOnlyForDeploymentPostprocessing = 0;
		};
/* End PBXResourcesBuildPhase section */

/* Begin PBXShellScriptBuildPhase section */
		B523A6002F7A88BD007F94AA /* Set Build Number */ = {
			isa = PBXShellScriptBuildPhase;
			alwaysOutOfDate = 1;
			buildActionMask = 2147483647;
			files = (
			);
			inputPaths = (
			);
			name = "Set Build Number";
			outputPaths = (
			);
			runOnlyForDeploymentPostprocessing = 0;
			shellPath = /bin/sh;
			shellScript = "COMMIT_COUNT=$(git rev-list --count HEAD 2>/dev/null || echo 1)\n/usr/libexec/PlistBuddy -c \"Set :CFBundleVersion $COMMIT_COUNT\" \"${TARGET_BUILD_DIR}/${INFOPLIST_PATH}\" 2>/dev/null || true\nMINOR=$((COMMIT_COUNT))\n/usr/libexec/PlistBuddy -c \"Set :CFBundleShortVersionString 0.0.$MINOR\" \"${TARGET_BUILD_DIR}/${INFOPLIST_PATH}\" 2>/dev/null || true\n";
		};
/* End PBXShellScriptBuildPhase section */

/* Begin PBXSourcesBuildPhase section */
		B523A5972F7A88BD007F94AA /* Sources */ = {
			isa = PBXSourcesBuildPhase;
			buildActionMask = 2147483647;
			files = (
			);
			runOnlyForDeploymentPostprocessing = 0;
		};
		B523A5A62F7A88BF007F94AA /* Sources */ = {
			isa = PBXSourcesBuildPhase;
			buildActionMask = 2147483647;
			files = (
			);
			runOnlyForDeploymentPostprocessing = 0;
		};
		B523A5B02F7A88BF007F94AA /* Sources */ = {
			isa = PBXSourcesBuildPhase;
			buildActionMask = 2147483647;
			files = (
			);
			runOnlyForDeploymentPostprocessing = 0;
		};
/* End PBXSourcesBuildPhase section */

/* Begin PBXTargetDependency section */
		B523A5AC2F7A88BF007F94AA /* PBXTargetDependency */ = {
			isa = PBXTargetDependency;
			target = B523A59A2F7A88BD007F94AA /* Beakon */;
			targetProxy = B523A5AB2F7A88BF007F94AA /* PBXContainerItemProxy */;
		};
		B523A5B62F7A88BF007F94AA /* PBXTargetDependency */ = {
			isa = PBXTargetDependency;
			target = B523A59A2F7A88BD007F94AA /* Beakon */;
			targetProxy = B523A5B52F7A88BF007F94AA /* PBXContainerItemProxy */;
		};
/* End PBXTargetDependency section */

/* Begin XCBuildConfiguration section */
		B523A5BC2F7A88BF007F94AA /* Debug */ = {
			isa = XCBuildConfiguration;
			buildSettings = {
				ALWAYS_SEARCH_USER_PATHS = NO;
				ASSETCATALOG_COMPILER_GENERATE_SWIFT_ASSET_SYMBOL_EXTENSIONS = YES;
				CLANG_ANALYZER_NONNULL = YES;
				CLANG_ANALYZER_NUMBER_OBJECT_CONVERSION = YES_AGGRESSIVE;
				CLANG_CXX_LANGUAGE_STANDARD = "gnu++20";
				CLANG_ENABLE_MODULES = YES;
				CLANG_ENABLE_OBJC_ARC = YES;
				CLANG_ENABLE_OBJC_WEAK = YES;
				CLANG_WARN_BLOCK_CAPTURE_AUTORELEASING = YES;
				CLANG_WARN_BOOL_CONVERSION = YES;
				CLANG_WARN_COMMA = YES;
				CLANG_WARN_CONSTANT_CONVERSION = YES;
				CLANG_WARN_DEPRECATED_OBJC_IMPLEMENTATIONS = YES;
				CLANG_WARN_DIRECT_OBJC_ISA_USAGE = YES_ERROR;
				CLANG_WARN_DOCUMENTATION_COMMENTS = YES;
				CLANG_WARN_EMPTY_BODY = YES;
				CLANG_WARN_ENUM_CONVERSION = YES;
				CLANG_WARN_INFINITE_RECURSION = YES;
				CLANG_WARN_INT_CONVERSION = YES;
				CLANG_WARN_NON_LITERAL_NULL_CONVERSION = YES;
				CLANG_WARN_OBJC_IMPLICIT_RETAIN_SELF = YES;
				CLANG_WARN_OBJC_LITERAL_CONVERSION = YES;
				CLANG_WARN_OBJC_ROOT_CLASS = YES_ERROR;
				CLANG_WARN_QUOTED_INCLUDE_IN_FRAMEWORK_HEADER = YES;
				CLANG_WARN_RANGE_LOOP_ANALYSIS = YES;
				CLANG_WARN_STRICT_PROTOTYPES = YES;
				CLANG_WARN_SUSPICIOUS_MOVE = YES;
				CLANG_WARN_UNGUARDED_AVAILABILITY = YES_AGGRESSIVE;
				CLANG_WARN_UNREACHABLE_CODE = YES;
				CLANG_WARN__DUPLICATE_METHOD_MATCH = YES;
				COPY_PHASE_STRIP = NO;
				DEBUG_INFORMATION_FORMAT = dwarf;
				DEVELOPMENT_TEAM = QGVLTWHNKA;
				ENABLE_STRICT_OBJC_MSGSEND = YES;
				ENABLE_TESTABILITY = YES;
				ENABLE_USER_SCRIPT_SANDBOXING = YES;
				GCC_C_LANGUAGE_STANDARD = gnu17;
				GCC_DYNAMIC_NO_PIC = NO;
				GCC_NO_COMMON_BLOCKS = YES;
				GCC_OPTIMIZATION_LEVEL = 0;
				GCC_PREPROCESSOR_DEFINITIONS = (
					"DEBUG=1",
					"$(inherited)",
				);
				GCC_WARN_64_TO_32_BIT_CONVERSION = YES;
				GCC_WARN_ABOUT_RETURN_TYPE = YES_ERROR;
				GCC_WARN_UNDECLARED_SELECTOR = YES;
				GCC_WARN_UNINITIALIZED_AUTOS = YES_AGGRESSIVE;
				GCC_WARN_UNUSED_FUNCTION = YES;
				GCC_WARN_UNUSED_VARIABLE = YES;
				LOCALIZATION_PREFERS_STRING_CATALOGS = YES;
				MACOSX_DEPLOYMENT_TARGET = 26.4;
				MTL_ENABLE_DEBUG_INFO = INCLUDE_SOURCE;
				MTL_FAST_MATH = YES;
				ONLY_ACTIVE_ARCH = YES;
				SDKROOT = macosx;
				SWIFT_ACTIVE_COMPILATION_CONDITIONS = "DEBUG $(inherited)";
				SWIFT_OPTIMIZATION_LEVEL = "-Onone";
			};
			name = Debug;
		};
		B523A5BD2F7A88BF007F94AA /* Release */ = {
			isa = XCBuildConfiguration;
			buildSettings = {
				ALWAYS_SEARCH_USER_PATHS = NO;
				ASSETCATALOG_COMPILER_GENERATE_SWIFT_ASSET_SYMBOL_EXTENSIONS = YES;
				CLANG_ANALYZER_NONNULL = YES;
				CLANG_ANALYZER_NUMBER_OBJECT_CONVERSION = YES_AGGRESSIVE;
				CLANG_CXX_LANGUAGE_STANDARD = "gnu++20";
				CLANG_ENABLE_MODULES = YES;
				CLANG_ENABLE_OBJC_ARC = YES;
				CLANG_ENABLE_OBJC_WEAK = YES;
				CLANG_WARN_BLOCK_CAPTURE_AUTORELEASING = YES;
				CLANG_WARN_BOOL_CONVERSION = YES;
				CLANG_WARN_COMMA = YES;
				CLANG_WARN_CONSTANT_CONVERSION = YES;
				CLANG_WARN_DEPRECATED_OBJC_IMPLEMENTATIONS = YES;
				CLANG_WARN_DIRECT_OBJC_ISA_USAGE = YES_ERROR;
				CLANG_WARN_DOCUMENTATION_COMMENTS = YES;
				CLANG_WARN_EMPTY_BODY = YES;
				CLANG_WARN_ENUM_CONVERSION = YES;
				CLANG_WARN_INFINITE_RECURSION = YES;
				CLANG_WARN_INT_CONVERSION = YES;
				CLANG_WARN_NON_LITERAL_NULL_CONVERSION = YES;
				CLANG_WARN_OBJC_IMPLICIT_RETAIN_SELF = YES;
				CLANG_WARN_OBJC_LITERAL_CONVERSION = YES;
				CLANG_WARN_OBJC_ROOT_CLASS = YES_ERROR;
				CLANG_WARN_QUOTED_INCLUDE_IN_FRAMEWORK_HEADER = YES;
				CLANG_WARN_RANGE_LOOP_ANALYSIS = YES;
				CLANG_WARN_STRICT_PROTOTYPES = YES;
				CLANG_WARN_SUSPICIOUS_MOVE = YES;
				CLANG_WARN_UNGUARDED_AVAILABILITY = YES_AGGRESSIVE;
				CLANG_WARN_UNREACHABLE_CODE = YES;
				CLANG_WARN__DUPLICATE_METHOD_MATCH = YES;
				COPY_PHASE_STRIP = NO;
				DEBUG_INFORMATION_FORMAT = "dwarf-with-dsym";
				DEVELOPMENT_TEAM = QGVLTWHNKA;
				ENABLE_NS_ASSERTIONS = NO;
				ENABLE_STRICT_OBJC_MSGSEND = YES;
				ENABLE_USER_SCRIPT_SANDBOXING = YES;
				GCC_C_LANGUAGE_STANDARD = gnu17;
				GCC_NO_COMMON_BLOCKS = YES;
				GCC_WARN_64_TO_32_BIT_CONVERSION = YES;
				GCC_WARN_ABOUT_RETURN_TYPE = YES_ERROR;
				GCC_WARN_UNDECLARED_SELECTOR = YES;
				GCC_WARN_UNINITIALIZED_AUTOS = YES_AGGRESSIVE;
				GCC_WARN_UNUSED_FUNCTION = YES;
				GCC_WARN_UNUSED_VARIABLE = YES;
				LOCALIZATION_PREFERS_STRING_CATALOGS = YES;
				MACOSX_DEPLOYMENT_TARGET = 26.4;
				MTL_ENABLE_DEBUG_INFO = NO;
				MTL_FAST_MATH = YES;
				SDKROOT = macosx;
				SWIFT_COMPILATION_MODE = wholemodule;
			};
			name = Release;
		};
		B523A5BF2F7A88BF007F94AA /* Debug */ = {
			isa = XCBuildConfiguration;
			buildSettings = {
				ASSETCATALOG_COMPILER_APPICON_NAME = AppIcon;
				ASSETCATALOG_COMPILER_GLOBAL_ACCENT_COLOR_NAME = AccentColor;
				CODE_SIGN_ENTITLEMENTS = Beakon/Beakon.entitlements;
				CODE_SIGN_STYLE = Automatic;
				COMBINE_HIDPI_IMAGES = YES;
				CURRENT_PROJECT_VERSION = 1;
				DEVELOPMENT_TEAM = QGVLTWHNKA;
				ENABLE_APP_SANDBOX = NO;
				ENABLE_HARDENED_RUNTIME = YES;
				ENABLE_PREVIEWS = YES;
				ENABLE_USER_SELECTED_FILES = readonly;
				GENERATE_INFOPLIST_FILE = YES;
				INFOPLIST_KEY_LSUIElement = YES;
				INFOPLIST_KEY_NSHumanReadableCopyright = "";
				LD_RUNPATH_SEARCH_PATHS = (
					"$(inherited)",
					"@executable_path/../Frameworks",
				);
				MARKETING_VERSION = 0.0.37;
				PRODUCT_BUNDLE_IDENTIFIER = com.ozersubasi.Beakon;
				PRODUCT_NAME = "$(TARGET_NAME)";
				REGISTER_APP_GROUPS = YES;
				STRING_CATALOG_GENERATE_SYMBOLS = YES;
				SWIFT_APPROACHABLE_CONCURRENCY = YES;
				SWIFT_DEFAULT_ACTOR_ISOLATION = MainActor;
				SWIFT_EMIT_LOC_STRINGS = YES;
				SWIFT_UPCOMING_FEATURE_MEMBER_IMPORT_VISIBILITY = YES;
				SWIFT_VERSION = 5.0;
			};
			name = Debug;
		};
		B523A5C02F7A88BF007F94AA /* Release */ = {
			isa = XCBuildConfiguration;
			buildSettings = {
				ASSETCATALOG_COMPILER_APPICON_NAME = AppIcon;
				ASSETCATALOG_COMPILER_GLOBAL_ACCENT_COLOR_NAME = AccentColor;
				CODE_SIGN_ENTITLEMENTS = Beakon/Beakon.entitlements;
				CODE_SIGN_STYLE = Automatic;
				COMBINE_HIDPI_IMAGES = YES;
				CURRENT_PROJECT_VERSION = 1;
				DEVELOPMENT_TEAM = QGVLTWHNKA;
				ENABLE_APP_SANDBOX = NO;
				ENABLE_HARDENED_RUNTIME = YES;
				ENABLE_PREVIEWS = YES;
				ENABLE_USER_SELECTED_FILES = readonly;
				GENERATE_INFOPLIST_FILE = YES;
				INFOPLIST_KEY_LSUIElement = YES;
				INFOPLIST_KEY_NSHumanReadableCopyright = "";
				LD_RUNPATH_SEARCH_PATHS = (
					"$(inherited)",
					"@executable_path/../Frameworks",
				);
				MARKETING_VERSION = 0.0.37;
				PRODUCT_BUNDLE_IDENTIFIER = com.ozersubasi.Beakon;
				PRODUCT_NAME = "$(TARGET_NAME)";
				REGISTER_APP_GROUPS = YES;
				STRING_CATALOG_GENERATE_SYMBOLS = YES;
				SWIFT_APPROACHABLE_CONCURRENCY = YES;
				SWIFT_DEFAULT_ACTOR_ISOLATION = MainActor;
				SWIFT_EMIT_LOC_STRINGS = YES;
				SWIFT_UPCOMING_FEATURE_MEMBER_IMPORT_VISIBILITY = YES;
				SWIFT_VERSION = 5.0;
			};
			name = Release;
		};
		B523A5C22F7A88BF007F94AA /* Debug */ = {
			isa = XCBuildConfiguration;
			buildSettings = {
				BUNDLE_LOADER = "$(TEST_HOST)";
				CODE_SIGN_STYLE = Automatic;
				CURRENT_PROJECT_VERSION = 1;
				DEVELOPMENT_TEAM = QGVLTWHNKA;
				GENERATE_INFOPLIST_FILE = YES;
				MACOSX_DEPLOYMENT_TARGET = 26.4;
				MARKETING_VERSION = 0.0.37;
				PRODUCT_BUNDLE_IDENTIFIER = com.ozersubasi.BeakonTests;
				PRODUCT_NAME = "$(TARGET_NAME)";
				STRING_CATALOG_GENERATE_SYMBOLS = NO;
				SWIFT_APPROACHABLE_CONCURRENCY = YES;
				SWIFT_EMIT_LOC_STRINGS = NO;
				SWIFT_UPCOMING_FEATURE_MEMBER_IMPORT_VISIBILITY = YES;
				SWIFT_VERSION = 5.0;
				TEST_HOST = "$(BUILT_PRODUCTS_DIR)/Beakon.app/$(BUNDLE_EXECUTABLE_FOLDER_PATH)/Beakon";
			};
			name = Debug;
		};
		B523A5C32F7A88BF007F94AA /* Release */ = {
			isa = XCBuildConfiguration;
			buildSettings = {
				BUNDLE_LOADER = "$(TEST_HOST)";
				CODE_SIGN_STYLE = Automatic;
				CURRENT_PROJECT_VERSION = 1;
				DEVELOPMENT_TEAM = QGVLTWHNKA;
				GENERATE_INFOPLIST_FILE = YES;
				MACOSX_DEPLOYMENT_TARGET = 26.4;
				MARKETING_VERSION = 0.0.37;
				PRODUCT_BUNDLE_IDENTIFIER = com.ozersubasi.BeakonTests;
				PRODUCT_NAME = "$(TARGET_NAME)";
				STRING_CATALOG_GENERATE_SYMBOLS = NO;
				SWIFT_APPROACHABLE_CONCURRENCY = YES;
				SWIFT_EMIT_LOC_STRINGS = NO;
				SWIFT_UPCOMING_FEATURE_MEMBER_IMPORT_VISIBILITY = YES;
				SWIFT_VERSION = 5.0;
				TEST_HOST = "$(BUILT_PRODUCTS_DIR)/Beakon.app/$(BUNDLE_EXECUTABLE_FOLDER_PATH)/Beakon";
			};
			name = Release;
		};
		B523A5C52F7A88BF007F94AA /* Debug */ = {
			isa = XCBuildConfiguration;
			buildSettings = {
				CODE_SIGN_STYLE = Automatic;
				CURRENT_PROJECT_VERSION = 1;
				DEVELOPMENT_TEAM = QGVLTWHNKA;
				GENERATE_INFOPLIST_FILE = YES;
				MARKETING_VERSION = 0.0.37;
				PRODUCT_BUNDLE_IDENTIFIER = com.ozersubasi.BeakonUITests;
				PRODUCT_NAME = "$(TARGET_NAME)";
				STRING_CATALOG_GENERATE_SYMBOLS = NO;
				SWIFT_APPROACHABLE_CONCURRENCY = YES;
				SWIFT_EMIT_LOC_STRINGS = NO;
				SWIFT_UPCOMING_FEATURE_MEMBER_IMPORT_VISIBILITY = YES;
				SWIFT_VERSION = 5.0;
				TEST_TARGET_NAME = Beakon;
			};
			name = Debug;
		};
		B523A5C62F7A88BF007F94AA /* Release */ = {
			isa = XCBuildConfiguration;
			buildSettings = {
				CODE_SIGN_STYLE = Automatic;
				CURRENT_PROJECT_VERSION = 1;
				DEVELOPMENT_TEAM = QGVLTWHNKA;
				GENERATE_INFOPLIST_FILE = YES;
				MARKETING_VERSION = 0.0.37;
				PRODUCT_BUNDLE_IDENTIFIER = com.ozersubasi.BeakonUITests;
				PRODUCT_NAME = "$(TARGET_NAME)";
				STRING_CATALOG_GENERATE_SYMBOLS = NO;
				SWIFT_APPROACHABLE_CONCURRENCY = YES;
				SWIFT_EMIT_LOC_STRINGS = NO;
				SWIFT_UPCOMING_FEATURE_MEMBER_IMPORT_VISIBILITY = YES;
				SWIFT_VERSION = 5.0;
				TEST_TARGET_NAME = Beakon;
			};
			name = Release;
		};
/* End XCBuildConfiguration section */

/* Begin XCConfigurationList section */
		B523A5962F7A88BD007F94AA /* Build configuration list for PBXProject "Beakon" */ = {
			isa = XCConfigurationList;
			buildConfigurations = (
				B523A5BC2F7A88BF007F94AA /* Debug */,
				B523A5BD2F7A88BF007F94AA /* Release */,
			);
			defaultConfigurationIsVisible = 0;
			defaultConfigurationName = Release;
		};
		B523A5BE2F7A88BF007F94AA /* Build configuration list for PBXNativeTarget "Beakon" */ = {
			isa = XCConfigurationList;
			buildConfigurations = (
				B523A5BF2F7A88BF007F94AA /* Debug */,
				B523A5C02F7A88BF007F94AA /* Release */,
			);
			defaultConfigurationIsVisible = 0;
			defaultConfigurationName = Release;
		};
		B523A5C12F7A88BF007F94AA /* Build configuration list for PBXNativeTarget "BeakonTests" */ = {
			isa = XCConfigurationList;
			buildConfigurations = (
				B523A5C22F7A88BF007F94AA /* Debug */,
				B523A5C32F7A88BF007F94AA /* Release */,
			);
			defaultConfigurationIsVisible = 0;
			defaultConfigurationName = Release;
		};
		B523A5C42F7A88BF007F94AA /* Build configuration list for PBXNativeTarget "BeakonUITests" */ = {
			isa = XCConfigurationList;
			buildConfigurations = (
				B523A5C52F7A88BF007F94AA /* Debug */,
				B523A5C62F7A88BF007F94AA /* Release */,
			);
			defaultConfigurationIsVisible = 0;
			defaultConfigurationName = Release;
		};
/* End XCConfigurationList section */
	};
	rootObject = B523A5932F7A88BD007F94AA /* Project object */;
}
